{
  "name": "quirkbot-compiler",
  "version": "0.9.4",
  "dependencies": {
    "ansi-styles": {
      "version": "1.0.0",
      "from": "ansi-styles@>=1.0.0 <1.1.0",
      "resolved": "https://registry.npmjs.org/ansi-styles/-/ansi-styles-1.0.0.tgz"
    },
    "async": {
      "version": "1.5.2",
      "from": "async@1.5.2",
      "resolved": "https://registry.npmjs.org/async/-/async-1.5.2.tgz"
    },
    "balanced-match": {
      "version": "0.4.2",
      "from": "balanced-match@>=0.4.1 <0.5.0",
      "resolved": "https://registry.npmjs.org/balanced-match/-/balanced-match-0.4.2.tgz"
    },
    "bluebird": {
      "version": "2.10.2",
      "from": "bluebird@2.10.2",
      "resolved": "https://registry.npmjs.org/bluebird/-/bluebird-2.10.2.tgz"
    },
    "brace-expansion": {
      "version": "1.1.6",
      "from": "brace-expansion@>=1.0.0 <2.0.0",
      "resolved": "https://registry.npmjs.org/brace-expansion/-/brace-expansion-1.1.6.tgz"
    },
    "bson": {
      "version": "0.4.23",
      "from": "bson@>=0.4.23 <0.5.0",
      "resolved": "https://registry.npmjs.org/bson/-/bson-0.4.23.tgz"
    },
    "chalk": {
      "version": "0.4.0",
      "from": "chalk@>=0.4.0 <0.5.0",
      "resolved": "https://registry.npmjs.org/chalk/-/chalk-0.4.0.tgz"
    },
    "concat-map": {
      "version": "0.0.1",
      "from": "concat-map@0.0.1",
      "resolved": "https://registry.npmjs.org/concat-map/-/concat-map-0.0.1.tgz"
    },
    "core-util-is": {
      "version": "1.0.2",
      "from": "core-util-is@>=1.0.0 <1.1.0",
      "resolved": "https://registry.npmjs.org/core-util-is/-/core-util-is-1.0.2.tgz"
    },
    "debug": {
      "version": "2.2.0",
      "from": "debug@2.2.0",
      "resolved": "https://registry.npmjs.org/debug/-/debug-2.2.0.tgz"
    },
    "diskdb": {
      "version": "0.1.15",
      "from": "diskdb@0.1.15",
      "resolved": "https://registry.npmjs.org/diskdb/-/diskdb-0.1.15.tgz"
    },
    "es6-promise": {
      "version": "3.2.1",
      "from": "es6-promise@3.2.1",
      "resolved": "https://registry.npmjs.org/es6-promise/-/es6-promise-3.2.1.tgz"
    },
    "glob": {
      "version": "5.0.15",
      "from": "glob@>=5.0.14 <6.0.0",
      "resolved": "https://registry.npmjs.org/glob/-/glob-5.0.15.tgz"
    },
    "has-color": {
      "version": "0.1.7",
      "from": "has-color@>=0.1.0 <0.2.0",
      "resolved": "https://registry.npmjs.org/has-color/-/has-color-0.1.7.tgz"
    },
    "hooks-fixed": {
      "version": "1.2.0",
      "from": "hooks-fixed@1.2.0",
      "resolved": "https://registry.npmjs.org/hooks-fixed/-/hooks-fixed-1.2.0.tgz"
    },
    "inflight": {
      "version": "1.0.6",
      "from": "inflight@>=1.0.4 <2.0.0",
      "resolved": "https://registry.npmjs.org/inflight/-/inflight-1.0.6.tgz"
    },
    "inherits": {
      "version": "2.0.3",
      "from": "inherits@>=2.0.1 <2.1.0",
      "resolved": "https://registry.npmjs.org/inherits/-/inherits-2.0.3.tgz"
    },
    "isarray": {
      "version": "0.0.1",
      "from": "isarray@0.0.1",
      "resolved": "https://registry.npmjs.org/isarray/-/isarray-0.0.1.tgz"
    },
    "kareem": {
      "version": "1.1.3",
      "from": "kareem@1.1.3",
      "resolved": "https://registry.npmjs.org/kareem/-/kareem-1.1.3.tgz"
    },
    "merge": {
      "version": "1.2.0",
      "from": "merge@>=1.1.3 <2.0.0",
      "resolved": "https://registry.npmjs.org/merge/-/merge-1.2.0.tgz"
    },
    "minimatch": {
      "version": "3.0.3",
      "from": "minimatch@>=2.0.0 <3.0.0||>=3.0.0 <4.0.0",
      "resolved": "https://registry.npmjs.org/minimatch/-/minimatch-3.0.3.tgz"
    },
    "mongodb": {
      "version": "2.1.18",
      "from": "mongodb@2.1.18",
      "resolved": "https://registry.npmjs.org/mongodb/-/mongodb-2.1.18.tgz",
      "dependencies": {
        "es6-promise": {
          "version": "3.0.2",
          "from": "es6-promise@3.0.2",
          "resolved": "https://registry.npmjs.org/es6-promise/-/es6-promise-3.0.2.tgz"
        }
      }
    },
    "mongodb-core": {
      "version": "1.3.18",
      "from": "mongodb-core@1.3.18",
      "resolved": "https://registry.npmjs.org/mongodb-core/-/mongodb-core-1.3.18.tgz"
    },
    "mongoose": {
      "version": "4.5.10",
      "from": "mongoose@4.5.10",
      "resolved": "https://registry.npmjs.org/mongoose/-/mongoose-4.5.10.tgz"
    },
    "mpath": {
      "version": "0.2.1",
      "from": "mpath@0.2.1",
      "resolved": "https://registry.npmjs.org/mpath/-/mpath-0.2.1.tgz"
    },
    "mpromise": {
      "version": "0.5.5",
      "from": "mpromise@0.5.5",
      "resolved": "https://registry.npmjs.org/mpromise/-/mpromise-0.5.5.tgz"
    },
    "mquery": {
      "version": "1.11.0",
      "from": "mquery@1.11.0",
      "resolved": "https://registry.npmjs.org/mquery/-/mquery-1.11.0.tgz",
      "dependencies": {
        "sliced": {
          "version": "0.0.5",
          "from": "sliced@0.0.5",
          "resolved": "https://registry.npmjs.org/sliced/-/sliced-0.0.5.tgz"
        }
      }
    },
    "ms": {
      "version": "0.7.1",
      "from": "ms@0.7.1",
      "resolved": "https://registry.npmjs.org/ms/-/ms-0.7.1.tgz"
    },
    "muri": {
      "version": "1.1.0",
      "from": "muri@1.1.0",
      "resolved": "https://registry.npmjs.org/muri/-/muri-1.1.0.tgz"
    },
    "ncp": {
      "version": "2.0.0",
      "from": "ncp@2.0.0",
      "resolved": "https://registry.npmjs.org/ncp/-/ncp-2.0.0.tgz"
    },
    "newrelic": {
      "version": "1.27.2",
      "from": "newrelic@1.27.2",
      "resolved": "https://registry.npmjs.org/newrelic/-/newrelic-1.27.2.tgz",
      "dependencies": {
        "agent-base": {
          "version": "1.0.2",
          "from": "agent-base@>=1.0.1 <1.1.0",
          "resolved": "https://registry.npmjs.org/agent-base/-/agent-base-1.0.2.tgz"
        },
        "concat-stream": {
          "version": "1.5.1",
          "from": "concat-stream@>=1.5.0 <2.0.0",
          "resolved": "https://registry.npmjs.org/concat-stream/-/concat-stream-1.5.1.tgz",
          "dependencies": {
            "readable-stream": {
              "version": "2.0.6",
              "from": "readable-stream@>=2.0.0 <2.1.0",
              "resolved": "https://registry.npmjs.org/readable-stream/-/readable-stream-2.0.6.tgz"
            }
          }
        },
        "core-util-is": {
          "version": "1.0.2",
          "from": "core-util-is@>=1.0.0 <1.1.0",
          "resolved": "https://registry.npmjs.org/core-util-is/-/core-util-is-1.0.2.tgz"
        },
        "debug": {
          "version": "2.2.0",
          "from": "debug@>=2.0.0 <3.0.0",
          "resolved": "https://registry.npmjs.org/debug/-/debug-2.2.0.tgz"
        },
        "extend": {
          "version": "3.0.0",
          "from": "extend@>=3.0.0 <4.0.0",
          "resolved": "https://registry.npmjs.org/extend/-/extend-3.0.0.tgz"
        },
        "https-proxy-agent": {
          "version": "0.3.6",
          "from": "https-proxy-agent@>=0.3.5 <0.4.0",
          "resolved": "https://registry.npmjs.org/https-proxy-agent/-/https-proxy-agent-0.3.6.tgz"
        },
        "inherits": {
          "version": "2.0.1",
          "from": "inherits@>=2.0.1 <2.1.0",
          "resolved": "https://registry.npmjs.org/inherits/-/inherits-2.0.1.tgz"
        },
        "isarray": {
          "version": "1.0.0",
          "from": "isarray@>=1.0.0 <1.1.0",
          "resolved": "https://registry.npmjs.org/isarray/-/isarray-1.0.0.tgz"
        },
        "json-stringify-safe": {
          "version": "5.0.1",
          "from": "json-stringify-safe@>=5.0.0 <6.0.0",
          "resolved": "https://registry.npmjs.org/json-stringify-safe/-/json-stringify-safe-5.0.1.tgz"
        },
        "ms": {
          "version": "0.7.1",
          "from": "ms@0.7.1",
          "resolved": "https://registry.npmjs.org/ms/-/ms-0.7.1.tgz"
        },
        "process-nextick-args": {
          "version": "1.0.7",
          "from": "process-nextick-args@>=1.0.6 <1.1.0",
          "resolved": "https://registry.npmjs.org/process-nextick-args/-/process-nextick-args-1.0.7.tgz"
        },
        "readable-stream": {
          "version": "1.1.14",
          "from": "readable-stream@>=1.1.13 <2.0.0",
          "resolved": "https://registry.npmjs.org/readable-stream/-/readable-stream-1.1.14.tgz",
          "dependencies": {
            "isarray": {
              "version": "0.0.1",
              "from": "isarray@0.0.1",
              "resolved": "https://registry.npmjs.org/isarray/-/isarray-0.0.1.tgz"
            }
          }
        },
        "semver": {
          "version": "4.3.6",
          "from": "semver@>=4.2.0 <5.0.0",
          "resolved": "https://registry.npmjs.org/semver/-/semver-4.3.6.tgz"
        },
        "string_decoder": {
          "version": "0.10.31",
          "from": "string_decoder@>=0.10.0 <0.11.0",
          "resolved": "https://registry.npmjs.org/string_decoder/-/string_decoder-0.10.31.tgz"
        },
        "typedarray": {
          "version": "0.0.6",
          "from": "typedarray@>=0.0.5 <0.1.0",
          "resolved": "https://registry.npmjs.org/typedarray/-/typedarray-0.0.6.tgz"
        },
        "util-deprecate": {
          "version": "1.0.2",
          "from": "util-deprecate@>=1.0.1 <1.1.0",
          "resolved": "https://registry.npmjs.org/util-deprecate/-/util-deprecate-1.0.2.tgz"
        },
        "yakaa": {
          "version": "1.0.1",
          "from": "yakaa@>=1.0.1 <2.0.0",
          "resolved": "https://registry.npmjs.org/yakaa/-/yakaa-1.0.1.tgz"
        }
      }
    },
    "node-uuid": {
      "version": "1.4.7",
      "from": "node-uuid@>=1.4.1 <2.0.0",
      "resolved": "https://registry.npmjs.org/node-uuid/-/node-uuid-1.4.7.tgz"
    },
    "once": {
      "version": "1.4.0",
      "from": "once@>=1.3.0 <2.0.0",
      "resolved": "https://registry.npmjs.org/once/-/once-1.4.0.tgz"
    },
    "path-is-absolute": {
      "version": "1.0.1",
      "from": "path-is-absolute@>=1.0.0 <2.0.0",
      "resolved": "https://registry.npmjs.org/path-is-absolute/-/path-is-absolute-1.0.1.tgz"
    },
    "quirkbot-arduino-builder": {
      "version": "0.0.4",
      "from": "quirkbot-arduino-builder@0.0.4",
      "resolved": "https://registry.npmjs.org/quirkbot-arduino-builder/-/quirkbot-arduino-builder-0.0.4.tgz"
    },
    "quirkbot-arduino-hardware": {
      "version": "0.4.8",
      "from": "quirkbot-arduino-hardware@0.4.8",
      "resolved": "https://registry.npmjs.org/quirkbot-arduino-hardware/-/quirkbot-arduino-hardware-0.4.8.tgz"
    },
    "quirkbot-arduino-library": {
      "version": "2.5.2",
      "from": "quirkbot-arduino-library@2.5.2",
      "resolved": "https://registry.npmjs.org/quirkbot-arduino-library/-/quirkbot-arduino-library-2.5.2.tgz"
    },
    "quirkbot-avr-gcc": {
      "version": "1.0.0",
      "from": "quirkbot-avr-gcc@1.0.0"
    },
    "readable-stream": {
      "version": "1.0.31",
      "from": "readable-stream@1.0.31",
      "resolved": "https://registry.npmjs.org/readable-stream/-/readable-stream-1.0.31.tgz"
    },
    "regexp-clone": {
      "version": "0.0.1",
      "from": "regexp-clone@0.0.1",
      "resolved": "https://registry.npmjs.org/regexp-clone/-/regexp-clone-0.0.1.tgz"
    },
    "require_optional": {
      "version": "1.0.0",
      "from": "require_optional@>=1.0.0 <1.1.0",
      "resolved": "https://registry.npmjs.org/require_optional/-/require_optional-1.0.0.tgz"
    },
    "resolve-from": {
      "version": "2.0.0",
      "from": "resolve-from@>=2.0.0 <3.0.0",
      "resolved": "https://registry.npmjs.org/resolve-from/-/resolve-from-2.0.0.tgz"
    },
    "rimraf": {
      "version": "2.4.4",
      "from": "rimraf@2.4.4",
      "resolved": "https://registry.npmjs.org/rimraf/-/rimraf-2.4.4.tgz"
    },
    "semver": {
      "version": "5.3.0",
      "from": "semver@>=5.1.0 <6.0.0",
      "resolved": "https://registry.npmjs.org/semver/-/semver-5.3.0.tgz"
    },
    "sliced": {
      "version": "1.0.1",
      "from": "sliced@1.0.1",
      "resolved": "https://registry.npmjs.org/sliced/-/sliced-1.0.1.tgz"
    },
    "string_decoder": {
      "version": "0.10.31",
      "from": "string_decoder@>=0.10.0 <0.11.0",
      "resolved": "https://registry.npmjs.org/string_decoder/-/string_decoder-0.10.31.tgz"
    },
    "strip-ansi": {
      "version": "0.1.1",
      "from": "strip-ansi@>=0.1.0 <0.2.0",
      "resolved": "https://registry.npmjs.org/strip-ansi/-/strip-ansi-0.1.1.tgz"
    },
    "throng": {
      "version": "1.0.1",
      "from": "throng@1.0.1",
      "resolved": "https://registry.npmjs.org/throng/-/throng-1.0.1.tgz"
    },
    "wrappy": {
      "version": "1.0.2",
      "from": "wrappy@>=1.0.0 <2.0.0",
      "resolved": "https://registry.npmjs.org/wrappy/-/wrappy-1.0.2.tgz"
    }
  }
}
